
Microsoft Visual Studio Solution File, Format Version 12.00
Project("{FAE04EC0-301F-11D3-BF4B-00C04F79EFBC}") = "YARP_ReverseProxy", "YARP_ReverseProxy\YARP_ReverseProxy.csproj", "{8E3FB0BB-FE1E-4E45-9B6E-07943292DC57}"
EndProject
Project("{FAE04EC0-301F-11D3-BF4B-00C04F79EFBC}") = "YARP_Api", "YARP_Api\YARP_Api.csproj", "{2C32320B-4C87-4C97-A8D1-87888939C17D}"
EndProject
Global
	GlobalSection(SolutionConfigurationPlatforms) = preSolution
		Debug|Any CPU = Debug|Any CPU
		Release|Any CPU = Release|Any CPU
	EndGlobalSection
	GlobalSection(ProjectConfigurationPlatforms) = postSolution
		{8E3FB0BB-FE1E-4E45-9B6E-07943292DC57}.Debug|Any CPU.ActiveCfg = Debug|Any CPU
		{8E3FB0BB-FE1E-4E45-9B6E-07943292DC57}.Debug|Any CPU.Build.0 = Debug|Any CPU
		{8E3FB0BB-FE1E-4E45-9B6E-07943292DC57}.Release|Any CPU.ActiveCfg = Release|Any CPU
		{8E3FB0BB-FE1E-4E45-9B6E-07943292DC57}.Release|Any CPU.Build.0 = Release|Any CPU
		{2C32320B-4C87-4C97-A8D1-87888939C17D}.Debug|Any CPU.ActiveCfg = Debug|Any CPU
		{2C32320B-4C87-4C97-A8D1-87888939C17D}.Debug|Any CPU.Build.0 = Debug|Any CPU
		{2C32320B-4C87-4C97-A8D1-87888939C17D}.Release|Any CPU.ActiveCfg = Release|Any CPU
		{2C32320B-4C87-4C97-A8D1-87888939C17D}.Release|Any CPU.Build.0 = Release|Any CPU
	EndGlobalSection
EndGlobal
